
Microsoft Visual Studio Solution File, Format Version 12.00
# Visual Studio Version 16
VisualStudioVersion = 16.0.30717.126
MinimumVisualStudioVersion = 10.0.40219.1
Project("{9A19103F-16F7-4668-BE54-9A1E7A4F7556}") = "Interview20201204", "Interview20201204\Interview20201204.csproj", "{DBFE6A90-D1EE-4691-84BE-F7F1EE33F620}"
EndProject
Project("{FAE04EC0-301F-11D3-BF4B-00C04F79EFBC}") = "Interview20201204.UnitTests", "Interview20201204.UnitTests\Interview20201204.UnitTests.csproj", "{1E9DC80A-1991-4D25-8F05-6930D10C3C5A}"
EndProject
Global
	GlobalSection(SolutionConfigurationPlatforms) = preSolution
		Debug|Any CPU = Debug|Any CPU
		Release|Any CPU = Release|Any CPU
	EndGlobalSection
	GlobalSection(ProjectConfigurationPlatforms) = postSolution
		{DBFE6A90-D1EE-4691-84BE-F7F1EE33F620}.Debug|Any CPU.ActiveCfg = Debug|Any CPU
		{DBFE6A90-D1EE-4691-84BE-F7F1EE33F620}.Debug|Any CPU.Build.0 = Debug|Any CPU
		{DBFE6A90-D1EE-4691-84BE-F7F1EE33F620}.Release|Any CPU.ActiveCfg = Release|Any CPU
		{DBFE6A90-D1EE-4691-84BE-F7F1EE33F620}.Release|Any CPU.Build.0 = Release|Any CPU
		{1E9DC80A-1991-4D25-8F05-6930D10C3C5A}.Debug|Any CPU.ActiveCfg = Debug|Any CPU
		{1E9DC80A-1991-4D25-8F05-6930D10C3C5A}.Debug|Any CPU.Build.0 = Debug|Any CPU
		{1E9DC80A-1991-4D25-8F05-6930D10C3C5A}.Release|Any CPU.ActiveCfg = Release|Any CPU
		{1E9DC80A-1991-4D25-8F05-6930D10C3C5A}.Release|Any CPU.Build.0 = Release|Any CPU
	EndGlobalSection
	GlobalSection(SolutionProperties) = preSolution
		HideSolutionNode = FALSE
	EndGlobalSection
	GlobalSection(ExtensibilityGlobals) = postSolution
		SolutionGuid = {63F6BD56-EAC4-4DEB-9D68-3B19DB13268F}
	EndGlobalSection
EndGlobal
